
Microsoft Visual Studio Solution File, Format Version 12.00
# Visual Studio Version 17
VisualStudioVersion = 17.14.36429.23 d17.14
MinimumVisualStudioVersion = 10.0.40219.1
Project("{FAE04EC0-301F-11D3-BF4B-00C04F79EFBC}") = "Deconstruction", "Deconstruction\Deconstruction.csproj", "{27EDBCD9-F035-437B-8F88-C7FE65A077B4}"
EndProject
Project("{FAE04EC0-301F-11D3-BF4B-00C04F79EFBC}") = "DeconstructionLib", "DeconstructionLib\DeconstructionLib.csproj", "{703288C0-52A3-4DE2-A6B4-E59B117354DD}"
EndProject
Global
	GlobalSection(SolutionConfigurationPlatforms) = preSolution
		Debug|Any CPU = Debug|Any CPU
		Release|Any CPU = Release|Any CPU
	EndGlobalSection
	GlobalSection(ProjectConfigurationPlatforms) = postSolution
		{27EDBCD9-F035-437B-8F88-C7FE65A077B4}.Debug|Any CPU.ActiveCfg = Debug|Any CPU
		{27EDBCD9-F035-437B-8F88-C7FE65A077B4}.Debug|Any CPU.Build.0 = Debug|Any CPU
		{27EDBCD9-F035-437B-8F88-C7FE65A077B4}.Release|Any CPU.ActiveCfg = Release|Any CPU
		{27EDBCD9-F035-437B-8F88-C7FE65A077B4}.Release|Any CPU.Build.0 = Release|Any CPU
		{703288C0-52A3-4DE2-A6B4-E59B117354DD}.Debug|Any CPU.ActiveCfg = Debug|Any CPU
		{703288C0-52A3-4DE2-A6B4-E59B117354DD}.Debug|Any CPU.Build.0 = Debug|Any CPU
		{703288C0-52A3-4DE2-A6B4-E59B117354DD}.Release|Any CPU.ActiveCfg = Release|Any CPU
		{703288C0-52A3-4DE2-A6B4-E59B117354DD}.Release|Any CPU.Build.0 = Release|Any CPU
	EndGlobalSection
	GlobalSection(SolutionProperties) = preSolution
		HideSolutionNode = FALSE
	EndGlobalSection
	GlobalSection(ExtensibilityGlobals) = postSolution
		SolutionGuid = {630311B0-4696-43E9-8053-ECA0F2A5B0E7}
	EndGlobalSection
EndGlobal
