
Microsoft Visual Studio Solution File, Format Version 12.00
# Visual Studio Version 17
VisualStudioVersion = 17.14.36429.23 d17.14
MinimumVisualStudioVersion = 10.0.40219.1
Project("{FAE04EC0-301F-11D3-BF4B-00C04F79EFBC}") = "WS2024_NZ", "WS2024_NZ\WS2024_NZ.csproj", "{EB9B7750-CDA7-400B-82D3-B11A72A0B472}"
EndProject
Project("{FAE04EC0-301F-11D3-BF4B-00C04F79EFBC}") = "WA2024GUI_NZ", "WA2024GUI_NZ\WA2024GUI_NZ.csproj", "{053A0B62-4181-4609-9AC5-B218F076D4BB}"
EndProject
Project("{FAE04EC0-301F-11D3-BF4B-00C04F79EFBC}") = "WS2024Lib", "WS2024Lib\WS2024Lib.csproj", "{6D5B57ED-463F-4B00-9F98-F8D868F43C86}"
EndProject
Global
	GlobalSection(SolutionConfigurationPlatforms) = preSolution
		Debug|Any CPU = Debug|Any CPU
		Release|Any CPU = Release|Any CPU
	EndGlobalSection
	GlobalSection(ProjectConfigurationPlatforms) = postSolution
		{EB9B7750-CDA7-400B-82D3-B11A72A0B472}.Debug|Any CPU.ActiveCfg = Debug|Any CPU
		{EB9B7750-CDA7-400B-82D3-B11A72A0B472}.Debug|Any CPU.Build.0 = Debug|Any CPU
		{EB9B7750-CDA7-400B-82D3-B11A72A0B472}.Release|Any CPU.ActiveCfg = Release|Any CPU
		{EB9B7750-CDA7-400B-82D3-B11A72A0B472}.Release|Any CPU.Build.0 = Release|Any CPU
		{053A0B62-4181-4609-9AC5-B218F076D4BB}.Debug|Any CPU.ActiveCfg = Debug|Any CPU
		{053A0B62-4181-4609-9AC5-B218F076D4BB}.Debug|Any CPU.Build.0 = Debug|Any CPU
		{053A0B62-4181-4609-9AC5-B218F076D4BB}.Release|Any CPU.ActiveCfg = Release|Any CPU
		{053A0B62-4181-4609-9AC5-B218F076D4BB}.Release|Any CPU.Build.0 = Release|Any CPU
		{6D5B57ED-463F-4B00-9F98-F8D868F43C86}.Debug|Any CPU.ActiveCfg = Debug|Any CPU
		{6D5B57ED-463F-4B00-9F98-F8D868F43C86}.Debug|Any CPU.Build.0 = Debug|Any CPU
		{6D5B57ED-463F-4B00-9F98-F8D868F43C86}.Release|Any CPU.ActiveCfg = Release|Any CPU
		{6D5B57ED-463F-4B00-9F98-F8D868F43C86}.Release|Any CPU.Build.0 = Release|Any CPU
	EndGlobalSection
	GlobalSection(SolutionProperties) = preSolution
		HideSolutionNode = FALSE
	EndGlobalSection
	GlobalSection(ExtensibilityGlobals) = postSolution
		SolutionGuid = {B6563FA5-B91E-49BB-9BCD-21A4F8451310}
	EndGlobalSection
EndGlobal
