
Microsoft Visual Studio Solution File, Format Version 12.00
# Visual Studio Version 17
VisualStudioVersion = 17.14.36623.8 d17.14
MinimumVisualStudioVersion = 10.0.40219.1
Project("{FAE04EC0-301F-11D3-BF4B-00C04F79EFBC}") = "TudomanyosLib", "TudomanyosLib\TudomanyosLib.csproj", "{967D5158-F0E3-4BA3-A0B5-E43FE2798295}"
EndProject
Project("{FAE04EC0-301F-11D3-BF4B-00C04F79EFBC}") = "Tudomanyos", "Tudomanyos\Tudomanyos.csproj", "{0BB39114-179D-4723-9ED8-26C1EA4200E8}"
EndProject
Global
	GlobalSection(SolutionConfigurationPlatforms) = preSolution
		Debug|Any CPU = Debug|Any CPU
		Release|Any CPU = Release|Any CPU
	EndGlobalSection
	GlobalSection(ProjectConfigurationPlatforms) = postSolution
		{967D5158-F0E3-4BA3-A0B5-E43FE2798295}.Debug|Any CPU.ActiveCfg = Debug|Any CPU
		{967D5158-F0E3-4BA3-A0B5-E43FE2798295}.Debug|Any CPU.Build.0 = Debug|Any CPU
		{967D5158-F0E3-4BA3-A0B5-E43FE2798295}.Release|Any CPU.ActiveCfg = Release|Any CPU
		{967D5158-F0E3-4BA3-A0B5-E43FE2798295}.Release|Any CPU.Build.0 = Release|Any CPU
		{0BB39114-179D-4723-9ED8-26C1EA4200E8}.Debug|Any CPU.ActiveCfg = Debug|Any CPU
		{0BB39114-179D-4723-9ED8-26C1EA4200E8}.Debug|Any CPU.Build.0 = Debug|Any CPU
		{0BB39114-179D-4723-9ED8-26C1EA4200E8}.Release|Any CPU.ActiveCfg = Release|Any CPU
		{0BB39114-179D-4723-9ED8-26C1EA4200E8}.Release|Any CPU.Build.0 = Release|Any CPU
	EndGlobalSection
	GlobalSection(SolutionProperties) = preSolution
		HideSolutionNode = FALSE
	EndGlobalSection
	GlobalSection(ExtensibilityGlobals) = postSolution
		SolutionGuid = {8ABE35B6-83A1-47F7-9570-574830A8B736}
	EndGlobalSection
EndGlobal
