
Microsoft Visual Studio Solution File, Format Version 12.00
# Visual Studio Version 17
VisualStudioVersion = 17.14.36623.8
MinimumVisualStudioVersion = 10.0.40219.1
Project("{FAE04EC0-301F-11D3-BF4B-00C04F79EFBC}") = "KarbantartasLib", "KarbantartasLib\KarbantartasLib.csproj", "{5FCB158F-8022-40EA-B417-7CA52DC8EE60}"
EndProject
Project("{FAE04EC0-301F-11D3-BF4B-00C04F79EFBC}") = "Karbantartas", "Karbantartas\Karbantartas.csproj", "{564089CA-85C1-4377-A111-16618B71B0FE}"
EndProject
Project("{FAE04EC0-301F-11D3-BF4B-00C04F79EFBC}") = "KarbantartasGUI", "KarbantartasGUI\KarbantartasGUI.csproj", "{B6D4DF09-F1D3-417B-9F56-C4DFD07B56F9}"
EndProject
Global
	GlobalSection(SolutionConfigurationPlatforms) = preSolution
		Debug|Any CPU = Debug|Any CPU
		Release|Any CPU = Release|Any CPU
	EndGlobalSection
	GlobalSection(ProjectConfigurationPlatforms) = postSolution
		{5FCB158F-8022-40EA-B417-7CA52DC8EE60}.Debug|Any CPU.ActiveCfg = Debug|Any CPU
		{5FCB158F-8022-40EA-B417-7CA52DC8EE60}.Debug|Any CPU.Build.0 = Debug|Any CPU
		{5FCB158F-8022-40EA-B417-7CA52DC8EE60}.Release|Any CPU.ActiveCfg = Release|Any CPU
		{5FCB158F-8022-40EA-B417-7CA52DC8EE60}.Release|Any CPU.Build.0 = Release|Any CPU
		{564089CA-85C1-4377-A111-16618B71B0FE}.Debug|Any CPU.ActiveCfg = Debug|Any CPU
		{564089CA-85C1-4377-A111-16618B71B0FE}.Debug|Any CPU.Build.0 = Debug|Any CPU
		{564089CA-85C1-4377-A111-16618B71B0FE}.Release|Any CPU.ActiveCfg = Release|Any CPU
		{564089CA-85C1-4377-A111-16618B71B0FE}.Release|Any CPU.Build.0 = Release|Any CPU
		{B6D4DF09-F1D3-417B-9F56-C4DFD07B56F9}.Debug|Any CPU.ActiveCfg = Debug|Any CPU
		{B6D4DF09-F1D3-417B-9F56-C4DFD07B56F9}.Debug|Any CPU.Build.0 = Debug|Any CPU
		{B6D4DF09-F1D3-417B-9F56-C4DFD07B56F9}.Release|Any CPU.ActiveCfg = Release|Any CPU
		{B6D4DF09-F1D3-417B-9F56-C4DFD07B56F9}.Release|Any CPU.Build.0 = Release|Any CPU
	EndGlobalSection
	GlobalSection(SolutionProperties) = preSolution
		HideSolutionNode = FALSE
	EndGlobalSection
	GlobalSection(ExtensibilityGlobals) = postSolution
		SolutionGuid = {7D36DB99-75F0-4833-8FA6-729F10C9F7F0}
	EndGlobalSection
EndGlobal
