
Microsoft Visual Studio Solution File, Format Version 12.00
# Visual Studio Version 17
VisualStudioVersion = 17.14.36429.23
MinimumVisualStudioVersion = 10.0.40219.1
Project("{FAE04EC0-301F-11D3-BF4B-00C04F79EFBC}") = "GitHubApi", "GitHubApi\GitHubApi.csproj", "{9B4A7417-A1DE-42D4-BA25-252A62749D3A}"
EndProject
Project("{FAE04EC0-301F-11D3-BF4B-00C04F79EFBC}") = "GitHubApiLib", "GitHubApiLib\GitHubApiLib.csproj", "{F732E528-65FB-4BE6-BEEA-953FB2BEA19F}"
EndProject
Global
	GlobalSection(SolutionConfigurationPlatforms) = preSolution
		Debug|Any CPU = Debug|Any CPU
		Release|Any CPU = Release|Any CPU
	EndGlobalSection
	GlobalSection(ProjectConfigurationPlatforms) = postSolution
		{9B4A7417-A1DE-42D4-BA25-252A62749D3A}.Debug|Any CPU.ActiveCfg = Debug|Any CPU
		{9B4A7417-A1DE-42D4-BA25-252A62749D3A}.Debug|Any CPU.Build.0 = Debug|Any CPU
		{9B4A7417-A1DE-42D4-BA25-252A62749D3A}.Release|Any CPU.ActiveCfg = Release|Any CPU
		{9B4A7417-A1DE-42D4-BA25-252A62749D3A}.Release|Any CPU.Build.0 = Release|Any CPU
		{F732E528-65FB-4BE6-BEEA-953FB2BEA19F}.Debug|Any CPU.ActiveCfg = Debug|Any CPU
		{F732E528-65FB-4BE6-BEEA-953FB2BEA19F}.Debug|Any CPU.Build.0 = Debug|Any CPU
		{F732E528-65FB-4BE6-BEEA-953FB2BEA19F}.Release|Any CPU.ActiveCfg = Release|Any CPU
		{F732E528-65FB-4BE6-BEEA-953FB2BEA19F}.Release|Any CPU.Build.0 = Release|Any CPU
	EndGlobalSection
	GlobalSection(SolutionProperties) = preSolution
		HideSolutionNode = FALSE
	EndGlobalSection
	GlobalSection(ExtensibilityGlobals) = postSolution
		SolutionGuid = {1B9EE7FE-95A1-4EC4-99A0-1E7E25D1D2D0}
	EndGlobalSection
EndGlobal
