
Microsoft Visual Studio Solution File, Format Version 12.00
# Visual Studio Version 17
VisualStudioVersion = 17.14.36623.8 d17.14
MinimumVisualStudioVersion = 10.0.40219.1
Project("{FAE04EC0-301F-11D3-BF4B-00C04F79EFBC}") = "Gyogyfurdok", "Gyogyfurdok\Gyogyfurdok.csproj", "{330E70D5-53D4-4A9B-8FDE-533DE9B9DF8E}"
EndProject
Project("{FAE04EC0-301F-11D3-BF4B-00C04F79EFBC}") = "GyogyfurdokLib", "GyogyfurdokLib\GyogyfurdokLib.csproj", "{F1C73DEE-223D-41B6-9458-26CAB8634821}"
EndProject
Global
	GlobalSection(SolutionConfigurationPlatforms) = preSolution
		Debug|Any CPU = Debug|Any CPU
		Release|Any CPU = Release|Any CPU
	EndGlobalSection
	GlobalSection(ProjectConfigurationPlatforms) = postSolution
		{330E70D5-53D4-4A9B-8FDE-533DE9B9DF8E}.Debug|Any CPU.ActiveCfg = Debug|Any CPU
		{330E70D5-53D4-4A9B-8FDE-533DE9B9DF8E}.Debug|Any CPU.Build.0 = Debug|Any CPU
		{330E70D5-53D4-4A9B-8FDE-533DE9B9DF8E}.Release|Any CPU.ActiveCfg = Release|Any CPU
		{330E70D5-53D4-4A9B-8FDE-533DE9B9DF8E}.Release|Any CPU.Build.0 = Release|Any CPU
		{F1C73DEE-223D-41B6-9458-26CAB8634821}.Debug|Any CPU.ActiveCfg = Debug|Any CPU
		{F1C73DEE-223D-41B6-9458-26CAB8634821}.Debug|Any CPU.Build.0 = Debug|Any CPU
		{F1C73DEE-223D-41B6-9458-26CAB8634821}.Release|Any CPU.ActiveCfg = Release|Any CPU
		{F1C73DEE-223D-41B6-9458-26CAB8634821}.Release|Any CPU.Build.0 = Release|Any CPU
	EndGlobalSection
	GlobalSection(SolutionProperties) = preSolution
		HideSolutionNode = FALSE
	EndGlobalSection
	GlobalSection(ExtensibilityGlobals) = postSolution
		SolutionGuid = {9FBCC136-CD32-439E-BCB3-7D225CB6F10A}
	EndGlobalSection
EndGlobal
