
Microsoft Visual Studio Solution File, Format Version 12.00
# Visual Studio Version 17
VisualStudioVersion = 17.14.36429.23
MinimumVisualStudioVersion = 10.0.40219.1
Project("{FAE04EC0-301F-11D3-BF4B-00C04F79EFBC}") = "Rotary", "Rotary\Rotary.csproj", "{17D76513-29D5-45E7-827A-6258100CB01A}"
EndProject
Project("{FAE04EC0-301F-11D3-BF4B-00C04F79EFBC}") = "RotaryLib", "RotaryLib\RotaryLib.csproj", "{9DCA761F-E417-40B9-BD93-C2331CE5EE73}"
EndProject
Project("{FAE04EC0-301F-11D3-BF4B-00C04F79EFBC}") = "RotaryCli", "RotaryCli\RotaryCli.csproj", "{01378608-6604-429E-9A5A-1DD985A5FF48}"
EndProject
Project("{FAE04EC0-301F-11D3-BF4B-00C04F79EFBC}") = "RotaryGUI", "RotaryGUI\RotaryGUI.csproj", "{09C0325C-19B8-4D9D-889A-11F4C8270BF3}"
EndProject
Global
	GlobalSection(SolutionConfigurationPlatforms) = preSolution
		Debug|Any CPU = Debug|Any CPU
		Release|Any CPU = Release|Any CPU
	EndGlobalSection
	GlobalSection(ProjectConfigurationPlatforms) = postSolution
		{17D76513-29D5-45E7-827A-6258100CB01A}.Debug|Any CPU.ActiveCfg = Debug|Any CPU
		{17D76513-29D5-45E7-827A-6258100CB01A}.Debug|Any CPU.Build.0 = Debug|Any CPU
		{17D76513-29D5-45E7-827A-6258100CB01A}.Release|Any CPU.ActiveCfg = Release|Any CPU
		{17D76513-29D5-45E7-827A-6258100CB01A}.Release|Any CPU.Build.0 = Release|Any CPU
		{9DCA761F-E417-40B9-BD93-C2331CE5EE73}.Debug|Any CPU.ActiveCfg = Debug|Any CPU
		{9DCA761F-E417-40B9-BD93-C2331CE5EE73}.Debug|Any CPU.Build.0 = Debug|Any CPU
		{9DCA761F-E417-40B9-BD93-C2331CE5EE73}.Release|Any CPU.ActiveCfg = Release|Any CPU
		{9DCA761F-E417-40B9-BD93-C2331CE5EE73}.Release|Any CPU.Build.0 = Release|Any CPU
		{01378608-6604-429E-9A5A-1DD985A5FF48}.Debug|Any CPU.ActiveCfg = Debug|Any CPU
		{01378608-6604-429E-9A5A-1DD985A5FF48}.Debug|Any CPU.Build.0 = Debug|Any CPU
		{01378608-6604-429E-9A5A-1DD985A5FF48}.Release|Any CPU.ActiveCfg = Release|Any CPU
		{01378608-6604-429E-9A5A-1DD985A5FF48}.Release|Any CPU.Build.0 = Release|Any CPU
		{09C0325C-19B8-4D9D-889A-11F4C8270BF3}.Debug|Any CPU.ActiveCfg = Debug|Any CPU
		{09C0325C-19B8-4D9D-889A-11F4C8270BF3}.Debug|Any CPU.Build.0 = Debug|Any CPU
		{09C0325C-19B8-4D9D-889A-11F4C8270BF3}.Release|Any CPU.ActiveCfg = Release|Any CPU
		{09C0325C-19B8-4D9D-889A-11F4C8270BF3}.Release|Any CPU.Build.0 = Release|Any CPU
	EndGlobalSection
	GlobalSection(SolutionProperties) = preSolution
		HideSolutionNode = FALSE
	EndGlobalSection
	GlobalSection(ExtensibilityGlobals) = postSolution
		SolutionGuid = {65FAD2AB-AFAC-421D-BDCB-FB8DF39EFD3D}
	EndGlobalSection
EndGlobal
